
Microsoft Visual Studio Solution File, Format Version 12.00
# Visual Studio 15
VisualStudioVersion = 15.0.27004.2002
MinimumVisualStudioVersion = 10.0.40219.1
Project("{FAE04EC0-301F-11D3-BF4B-00C04F79EFBC}") = "ASPMVCEX1", "ASPMVCEX1\ASPMVCEX1.csproj", "{F4E77D0E-BCC6-4C22-A1E3-2A1AA5CC1578}"
EndProject
Global
	GlobalSection(SolutionConfigurationPlatforms) = preSolution
		Debug|Any CPU = Debug|Any CPU
		Release|Any CPU = Release|Any CPU
	EndGlobalSection
	GlobalSection(ProjectConfigurationPlatforms) = postSolution
		{F4E77D0E-BCC6-4C22-A1E3-2A1AA5CC1578}.Debug|Any CPU.ActiveCfg = Debug|Any CPU
		{F4E77D0E-BCC6-4C22-A1E3-2A1AA5CC1578}.Debug|Any CPU.Build.0 = Debug|Any CPU
		{F4E77D0E-BCC6-4C22-A1E3-2A1AA5CC1578}.Release|Any CPU.ActiveCfg = Release|Any CPU
		{F4E77D0E-BCC6-4C22-A1E3-2A1AA5CC1578}.Release|Any CPU.Build.0 = Release|Any CPU
	EndGlobalSection
	GlobalSection(SolutionProperties) = preSolution
		HideSolutionNode = FALSE
	EndGlobalSection
	GlobalSection(ExtensibilityGlobals) = postSolution
		SolutionGuid = {10B93CE9-EE05-4B30-933D-3B57DCDFEFC3}
	EndGlobalSection
EndGlobal
